{
    "name": "picam",
    "version": "1.0.0",
    "lockfileVersion": 2,
    "requires": true,
    "packages": {
        "": {
            "name": "picam",
            "version": "1.0.0",
            "license": "MIT",
            "dependencies": {
                "inkjet": "^3.0.0",
                "ip": "^1.1.5"
            }
        },
        "node_modules/imageinfo": {
            "version": "1.0.4",
            "resolved": "https://registry.npmjs.org/imageinfo/-/imageinfo-1.0.4.tgz",
            "integrity": "sha1-HdJFbsuW/DlfCqEXnEZ9+z1deio=",
            "engines": {
                "node": ">=0.4"
            }
        },
        "node_modules/inkjet": {
            "version": "3.0.0",
            "resolved": "https://registry.npmjs.org/inkjet/-/inkjet-3.0.0.tgz",
            "integrity": "sha512-njeAL4s/Ny52JpDCV2O2REqFjnk8w+rpIWkzYeTBU/PadU/6xw2oioO8LcK0EIjlFcttCgKy1s57Zdrkknd+PA==",
            "dependencies": {
                "imageinfo": "^1.0.4",
                "webworkify": "^1.5.0"
            }
        },
        "node_modules/ip": {
            "version": "1.1.5",
            "resolved": "https://registry.npmjs.org/ip/-/ip-1.1.5.tgz",
            "integrity": "sha1-vd7XARQpCCjAoDnnLvJfWq7ENUo="
        },
        "node_modules/webworkify": {
            "version": "1.5.0",
            "resolved": "https://registry.npmjs.org/webworkify/-/webworkify-1.5.0.tgz",
            "integrity": "sha512-AMcUeyXAhbACL8S2hqqdqOLqvJ8ylmIbNwUIqQujRSouf4+eUFaXbG6F1Rbu+srlJMmxQWsiU7mOJi0nMBfM1g=="
        }
    },
    "dependencies": {
        "imageinfo": {
            "version": "1.0.4",
            "resolved": "https://registry.npmjs.org/imageinfo/-/imageinfo-1.0.4.tgz",
            "integrity": "sha1-HdJFbsuW/DlfCqEXnEZ9+z1deio="
        },
        "inkjet": {
            "version": "3.0.0",
            "resolved": "https://registry.npmjs.org/inkjet/-/inkjet-3.0.0.tgz",
            "integrity": "sha512-njeAL4s/Ny52JpDCV2O2REqFjnk8w+rpIWkzYeTBU/PadU/6xw2oioO8LcK0EIjlFcttCgKy1s57Zdrkknd+PA==",
            "requires": {
                "imageinfo": "^1.0.4",
                "webworkify": "^1.5.0"
            }
        },
        "ip": {
            "version": "1.1.5",
            "resolved": "https://registry.npmjs.org/ip/-/ip-1.1.5.tgz",
            "integrity": "sha1-vd7XARQpCCjAoDnnLvJfWq7ENUo="
        },
        "webworkify": {
            "version": "1.5.0",
            "resolved": "https://registry.npmjs.org/webworkify/-/webworkify-1.5.0.tgz",
            "integrity": "sha512-AMcUeyXAhbACL8S2hqqdqOLqvJ8ylmIbNwUIqQujRSouf4+eUFaXbG6F1Rbu+srlJMmxQWsiU7mOJi0nMBfM1g=="
        }
    }
}
